
Microsoft Visual Studio Solution File, Format Version 12.00
# Visual Studio Version 16
VisualStudioVersion = 16.0.29326.143
MinimumVisualStudioVersion = 10.0.40219.1
Project("{FAE04EC0-301F-11D3-BF4B-00C04F79EFBC}") = "laba4.5", "laba4.5\laba4.5.csproj", "{16B62658-E6A8-4CF0-8E07-ADB6ADB6DAFD}"
EndProject
Global
	GlobalSection(SolutionConfigurationPlatforms) = preSolution
		Debug|Any CPU = Debug|Any CPU
		Release|Any CPU = Release|Any CPU
	EndGlobalSection
	GlobalSection(ProjectConfigurationPlatforms) = postSolution
		{16B62658-E6A8-4CF0-8E07-ADB6ADB6DAFD}.Debug|Any CPU.ActiveCfg = Debug|Any CPU
		{16B62658-E6A8-4CF0-8E07-ADB6ADB6DAFD}.Debug|Any CPU.Build.0 = Debug|Any CPU
		{16B62658-E6A8-4CF0-8E07-ADB6ADB6DAFD}.Release|Any CPU.ActiveCfg = Release|Any CPU
		{16B62658-E6A8-4CF0-8E07-ADB6ADB6DAFD}.Release|Any CPU.Build.0 = Release|Any CPU
	EndGlobalSection
	GlobalSection(SolutionProperties) = preSolution
		HideSolutionNode = FALSE
	EndGlobalSection
	GlobalSection(ExtensibilityGlobals) = postSolution
		SolutionGuid = {1E10C04A-C954-48EF-A2BC-1D72239A7339}
	EndGlobalSection
EndGlobal
